// !$*UTF8*$!
{
	archiveVersion = 1;
	classes = {
	};
	objectVersion = 77;
	objects = {

/* Begin PBXBuildFile section */
		08377F1306E7DC732BF91FE7 /* HTTPBackendService.swift in Sources */ = {isa = PBXBuildFile; fileRef = E2DE7A48206C1FDAF2D80787 /* HTTPBackendService.swift */; };
		13012DC707E2F29E7A54A7EA /* AvatarView.swift in Sources */ = {isa = PBXBuildFile; fileRef = 42382E5685AE2CA8EA337F03 /* AvatarView.swift */; };
		23AF4A505FCAFCB17A1FFE16 /* TripEntriesView.swift in Sources */ = {isa = PBXBuildFile; fileRef = 9F455CE189129CD5AA556038 /* TripEntriesView.swift */; };
		4281F530578D01B975A8F8AF /* LocalStore.swift in Sources */ = {isa = PBXBuildFile; fileRef = F2A4D29F250F1C99B5080E4E /* LocalStore.swift */; };
		49D9E6B616F81683ED008BC7 /* Trip.swift in Sources */ = {isa = PBXBuildFile; fileRef = 7546DC1918D52CB6B7642487 /* Trip.swift */; };
		52833D379E5F48C3BE8F098D /* MessageRow.swift in Sources */ = {isa = PBXBuildFile; fileRef = 55AF53FB0F610BEDD392803E /* MessageRow.swift */; };
		58B12BC0749A10CBF87AE9D1 /* ChatView.swift in Sources */ = {isa = PBXBuildFile; fileRef = 429C595267281855E6A5519B /* ChatView.swift */; };
		629092F64C24CBD815B3D0C7 /* TokenStore.swift in Sources */ = {isa = PBXBuildFile; fileRef = 7A8BDCFDD142DD1BF9A9E7C1 /* TokenStore.swift */; };
		6EF5603CD0AA5652D4EEF542 /* MockBackendService.swift in Sources */ = {isa = PBXBuildFile; fileRef = CEE247F8AEF1D17A6BBA9405 /* MockBackendService.swift */; };
		6F5F1B28ED9988D10A778C8D /* SQLite.swift in Sources */ = {isa = PBXBuildFile; fileRef = 0323E9F60B749C8ACABDDC6D /* SQLite.swift */; };
		76815105E54230384859EAF2 /* TripaceApp.swift in Sources */ = {isa = PBXBuildFile; fileRef = C60CCCF6C39091671AF1E1D7 /* TripaceApp.swift */; };
		7926CCC0C2D4B625C0B9B1F9 /* MembersView.swift in Sources */ = {isa = PBXBuildFile; fileRef = 45ED38CC77F3A5D2413F3DAC /* MembersView.swift */; };
		7F91E053A7B329F0A4E41A92 /* ChannelListView.swift in Sources */ = {isa = PBXBuildFile; fileRef = 7BA8BEBFD235193A4AA68D86 /* ChannelListView.swift */; };
		8652DA94F0AC55BB9E90078D /* AppState.swift in Sources */ = {isa = PBXBuildFile; fileRef = AAF7146AF63313F1ED58267D /* AppState.swift */; };
		9AE2B32008B8264E721832C4 /* Shimmer.swift in Sources */ = {isa = PBXBuildFile; fileRef = 4A3BEC7C9CD2EB7F4DAB1BCB /* Shimmer.swift */; };
		A35C5191EFF0A9BFDBA96B5D /* SearchAnswer.swift in Sources */ = {isa = PBXBuildFile; fileRef = 53F55D801717D364873A53BD /* SearchAnswer.swift */; };
		A51B949B2D89177DA2F7DECA /* ChannelStore.swift in Sources */ = {isa = PBXBuildFile; fileRef = CF14A732A602DAD552E4F8AF /* ChannelStore.swift */; };
		AD8E2DED8C2A6BF93F36B442 /* AuthStore.swift in Sources */ = {isa = PBXBuildFile; fileRef = D578C6060DA6BB9AF4B502CF /* AuthStore.swift */; };
		B5E269BF07DDA454A94A4C9E /* Message.swift in Sources */ = {isa = PBXBuildFile; fileRef = 9D65298B61DF1AABF0FE6122 /* Message.swift */; };
		BEC4B14959CFE08AF9BA55D6 /* Channel.swift in Sources */ = {isa = PBXBuildFile; fileRef = C170B663529AFBF39C8E2894 /* Channel.swift */; };
		C96C1A6A2188F199170735FD /* TimelineView.swift in Sources */ = {isa = PBXBuildFile; fileRef = 96CFE7C3B0EF5F6D44867E11 /* TimelineView.swift */; };
		D883D150A66CECFF2DF6DD18 /* SettingsView.swift in Sources */ = {isa = PBXBuildFile; fileRef = B8663029CEFD3181EC49F458 /* SettingsView.swift */; };
		E46840144943D7024DE8E07A /* RootView.swift in Sources */ = {isa = PBXBuildFile; fileRef = 6B10130B6927959EDD045D42 /* RootView.swift */; };
		E921525FC342BA063131EA13 /* BackendService.swift in Sources */ = {isa = PBXBuildFile; fileRef = 7DA887B8A225D658E5A77E66 /* BackendService.swift */; };
		EF490EBBB3FDC4ECAD500BD3 /* Entry.swift in Sources */ = {isa = PBXBuildFile; fileRef = A002D9103D9156E4022334A5 /* Entry.swift */; };
		FE424250E3FD5BBCDB7BBF6B /* User.swift in Sources */ = {isa = PBXBuildFile; fileRef = 8613437AFCB31AD95E61E0FF /* User.swift */; };
/* End PBXBuildFile section */

/* Begin PBXFileReference section */
		0323E9F60B749C8ACABDDC6D /* SQLite.swift */ = {isa = PBXFileReference; lastKnownFileType = sourcecode.swift; path = SQLite.swift; sourceTree = "<group>"; };
		42382E5685AE2CA8EA337F03 /* AvatarView.swift */ = {isa = PBXFileReference; lastKnownFileType = sourcecode.swift; path = AvatarView.swift; sourceTree = "<group>"; };
		429C595267281855E6A5519B /* ChatView.swift */ = {isa = PBXFileReference; lastKnownFileType = sourcecode.swift; path = ChatView.swift; sourceTree = "<group>"; };
		45ED38CC77F3A5D2413F3DAC /* MembersView.swift */ = {isa = PBXFileReference; lastKnownFileType = sourcecode.swift; path = MembersView.swift; sourceTree = "<group>"; };
		4A3BEC7C9CD2EB7F4DAB1BCB /* Shimmer.swift */ = {isa = PBXFileReference; lastKnownFileType = sourcecode.swift; path = Shimmer.swift; sourceTree = "<group>"; };
		53F55D801717D364873A53BD /* SearchAnswer.swift */ = {isa = PBXFileReference; lastKnownFileType = sourcecode.swift; path = SearchAnswer.swift; sourceTree = "<group>"; };
		55AF53FB0F610BEDD392803E /* MessageRow.swift */ = {isa = PBXFileReference; lastKnownFileType = sourcecode.swift; path = MessageRow.swift; sourceTree = "<group>"; };
		6B10130B6927959EDD045D42 /* RootView.swift */ = {isa = PBXFileReference; lastKnownFileType = sourcecode.swift; path = RootView.swift; sourceTree = "<group>"; };
		7546DC1918D52CB6B7642487 /* Trip.swift */ = {isa = PBXFileReference; lastKnownFileType = sourcecode.swift; path = Trip.swift; sourceTree = "<group>"; };
		7A8BDCFDD142DD1BF9A9E7C1 /* TokenStore.swift */ = {isa = PBXFileReference; lastKnownFileType = sourcecode.swift; path = TokenStore.swift; sourceTree = "<group>"; };
		7BA8BEBFD235193A4AA68D86 /* ChannelListView.swift */ = {isa = PBXFileReference; lastKnownFileType = sourcecode.swift; path = ChannelListView.swift; sourceTree = "<group>"; };
		7DA887B8A225D658E5A77E66 /* BackendService.swift */ = {isa = PBXFileReference; lastKnownFileType = sourcecode.swift; path = BackendService.swift; sourceTree = "<group>"; };
		847451844BCF3B108D237C7E /* Tripace.app */ = {isa = PBXFileReference; includeInIndex = 0; lastKnownFileType = wrapper.application; path = Tripace.app; sourceTree = BUILT_PRODUCTS_DIR; };
		8613437AFCB31AD95E61E0FF /* User.swift */ = {isa = PBXFileReference; lastKnownFileType = sourcecode.swift; path = User.swift; sourceTree = "<group>"; };
		96CFE7C3B0EF5F6D44867E11 /* TimelineView.swift */ = {isa = PBXFileReference; lastKnownFileType = sourcecode.swift; path = TimelineView.swift; sourceTree = "<group>"; };
		9D65298B61DF1AABF0FE6122 /* Message.swift */ = {isa = PBXFileReference; lastKnownFileType = sourcecode.swift; path = Message.swift; sourceTree = "<group>"; };
		9F455CE189129CD5AA556038 /* TripEntriesView.swift */ = {isa = PBXFileReference; lastKnownFileType = sourcecode.swift; path = TripEntriesView.swift; sourceTree = "<group>"; };
		A002D9103D9156E4022334A5 /* Entry.swift */ = {isa = PBXFileReference; lastKnownFileType = sourcecode.swift; path = Entry.swift; sourceTree = "<group>"; };
		AAF7146AF63313F1ED58267D /* AppState.swift */ = {isa = PBXFileReference; lastKnownFileType = sourcecode.swift; path = AppState.swift; sourceTree = "<group>"; };
		B8663029CEFD3181EC49F458 /* SettingsView.swift */ = {isa = PBXFileReference; lastKnownFileType = sourcecode.swift; path = SettingsView.swift; sourceTree = "<group>"; };
		C170B663529AFBF39C8E2894 /* Channel.swift */ = {isa = PBXFileReference; lastKnownFileType = sourcecode.swift; path = Channel.swift; sourceTree = "<group>"; };
		C60CCCF6C39091671AF1E1D7 /* TripaceApp.swift */ = {isa = PBXFileReference; lastKnownFileType = sourcecode.swift; path = TripaceApp.swift; sourceTree = "<group>"; };
		CEE247F8AEF1D17A6BBA9405 /* MockBackendService.swift */ = {isa = PBXFileReference; lastKnownFileType = sourcecode.swift; path = MockBackendService.swift; sourceTree = "<group>"; };
		CF14A732A602DAD552E4F8AF /* ChannelStore.swift */ = {isa = PBXFileReference; lastKnownFileType = sourcecode.swift; path = ChannelStore.swift; sourceTree = "<group>"; };
		D578C6060DA6BB9AF4B502CF /* AuthStore.swift */ = {isa = PBXFileReference; lastKnownFileType = sourcecode.swift; path = AuthStore.swift; sourceTree = "<group>"; };
		E2DE7A48206C1FDAF2D80787 /* HTTPBackendService.swift */ = {isa = PBXFileReference; lastKnownFileType = sourcecode.swift; path = HTTPBackendService.swift; sourceTree = "<group>"; };
		F2A4D29F250F1C99B5080E4E /* LocalStore.swift */ = {isa = PBXFileReference; lastKnownFileType = sourcecode.swift; path = LocalStore.swift; sourceTree = "<group>"; };
/* End PBXFileReference section */

/* Begin PBXGroup section */
		06E379587E739A1D7048233E /* Features */ = {
			isa = PBXGroup;
			children = (
				4EBA6AB1358473C77DDD250A /* Channels */,
				4B18DC1811BF0D051CAA29B3 /* Chat */,
				A91773737C65CA2ABE589C13 /* Members */,
				70F53FF08CB2743726D6A368 /* Settings */,
				071129AF6F6044076FAE77E7 /* Shared */,
			);
			path = Features;
			sourceTree = "<group>";
		};
		071129AF6F6044076FAE77E7 /* Shared */ = {
			isa = PBXGroup;
			children = (
				42382E5685AE2CA8EA337F03 /* AvatarView.swift */,
				4A3BEC7C9CD2EB7F4DAB1BCB /* Shimmer.swift */,
			);
			path = Shared;
			sourceTree = "<group>";
		};
		4B18DC1811BF0D051CAA29B3 /* Chat */ = {
			isa = PBXGroup;
			children = (
				429C595267281855E6A5519B /* ChatView.swift */,
				55AF53FB0F610BEDD392803E /* MessageRow.swift */,
				96CFE7C3B0EF5F6D44867E11 /* TimelineView.swift */,
				9F455CE189129CD5AA556038 /* TripEntriesView.swift */,
			);
			path = Chat;
			sourceTree = "<group>";
		};
		4EBA6AB1358473C77DDD250A /* Channels */ = {
			isa = PBXGroup;
			children = (
				7BA8BEBFD235193A4AA68D86 /* ChannelListView.swift */,
			);
			path = Channels;
			sourceTree = "<group>";
		};
		70F53FF08CB2743726D6A368 /* Settings */ = {
			isa = PBXGroup;
			children = (
				B8663029CEFD3181EC49F458 /* SettingsView.swift */,
			);
			path = Settings;
			sourceTree = "<group>";
		};
		717CB42F310035732BC9BAC4 = {
			isa = PBXGroup;
			children = (
				FC682C2806779AD04A9AE296 /* Tripace */,
				8D07C6589D796458EA85095D /* Products */,
			);
			sourceTree = "<group>";
		};
		7A6A3A7A7BC5C6CAC9CEE9D7 /* Services */ = {
			isa = PBXGroup;
			children = (
				7DA887B8A225D658E5A77E66 /* BackendService.swift */,
				E2DE7A48206C1FDAF2D80787 /* HTTPBackendService.swift */,
				CEE247F8AEF1D17A6BBA9405 /* MockBackendService.swift */,
				7A8BDCFDD142DD1BF9A9E7C1 /* TokenStore.swift */,
				8017D2FE56BC6813B4399559 /* Local */,
			);
			path = Services;
			sourceTree = "<group>";
		};
		8017D2FE56BC6813B4399559 /* Local */ = {
			isa = PBXGroup;
			children = (
				F2A4D29F250F1C99B5080E4E /* LocalStore.swift */,
				0323E9F60B749C8ACABDDC6D /* SQLite.swift */,
			);
			path = Local;
			sourceTree = "<group>";
		};
		8D07C6589D796458EA85095D /* Products */ = {
			isa = PBXGroup;
			children = (
				847451844BCF3B108D237C7E /* Tripace.app */,
			);
			name = Products;
			sourceTree = "<group>";
		};
		9914315C7A5F9E751B5D95E7 /* Stores */ = {
			isa = PBXGroup;
			children = (
				AAF7146AF63313F1ED58267D /* AppState.swift */,
				D578C6060DA6BB9AF4B502CF /* AuthStore.swift */,
				CF14A732A602DAD552E4F8AF /* ChannelStore.swift */,
			);
			path = Stores;
			sourceTree = "<group>";
		};
		A91773737C65CA2ABE589C13 /* Members */ = {
			isa = PBXGroup;
			children = (
				45ED38CC77F3A5D2413F3DAC /* MembersView.swift */,
			);
			path = Members;
			sourceTree = "<group>";
		};
		C184E722AF3CDF5792DACC7C /* App */ = {
			isa = PBXGroup;
			children = (
				6B10130B6927959EDD045D42 /* RootView.swift */,
				C60CCCF6C39091671AF1E1D7 /* TripaceApp.swift */,
			);
			path = App;
			sourceTree = "<group>";
		};
		ECE7659151628BBC0FF5E952 /* Models */ = {
			isa = PBXGroup;
			children = (
				C170B663529AFBF39C8E2894 /* Channel.swift */,
				A002D9103D9156E4022334A5 /* Entry.swift */,
				9D65298B61DF1AABF0FE6122 /* Message.swift */,
				53F55D801717D364873A53BD /* SearchAnswer.swift */,
				7546DC1918D52CB6B7642487 /* Trip.swift */,
				8613437AFCB31AD95E61E0FF /* User.swift */,
			);
			path = Models;
			sourceTree = "<group>";
		};
		FC682C2806779AD04A9AE296 /* Tripace */ = {
			isa = PBXGroup;
			children = (
				C184E722AF3CDF5792DACC7C /* App */,
				06E379587E739A1D7048233E /* Features */,
				ECE7659151628BBC0FF5E952 /* Models */,
				7A6A3A7A7BC5C6CAC9CEE9D7 /* Services */,
				9914315C7A5F9E751B5D95E7 /* Stores */,
			);
			path = Tripace;
			sourceTree = "<group>";
		};
/* End PBXGroup section */

/* Begin PBXNativeTarget section */
		BB65A8CF1AB4353C83702B15 /* Tripace */ = {
			isa = PBXNativeTarget;
			buildConfigurationList = A664219F773A064A00B18609 /* Build configuration list for PBXNativeTarget "Tripace" */;
			buildPhases = (
				00E074C6F59AD5C01522F4FF /* Sources */,
			);
			buildRules = (
			);
			dependencies = (
			);
			name = Tripace;
			packageProductDependencies = (
			);
			productName = Tripace;
			productReference = 847451844BCF3B108D237C7E /* Tripace.app */;
			productType = "com.apple.product-type.application";
		};
/* End PBXNativeTarget section */

/* Begin PBXProject section */
		98C1BCEBCED77F42D01C66B9 /* Project object */ = {
			isa = PBXProject;
			attributes = {
				BuildIndependentTargetsInParallel = YES;
				LastUpgradeCheck = 1430;
				TargetAttributes = {
					BB65A8CF1AB4353C83702B15 = {
						DevelopmentTeam = 945VG76H3Z;
						ProvisioningStyle = Automatic;
					};
				};
			};
			buildConfigurationList = F0197FDCF0C6F05655B46C58 /* Build configuration list for PBXProject "Tripace" */;
			compatibilityVersion = "Xcode 14.0";
			developmentRegion = en;
			hasScannedForEncodings = 0;
			knownRegions = (
				Base,
				en,
			);
			mainGroup = 717CB42F310035732BC9BAC4;
			minimizedProjectReferenceProxies = 1;
			preferredProjectObjectVersion = 77;
			projectDirPath = "";
			projectRoot = "";
			targets = (
				BB65A8CF1AB4353C83702B15 /* Tripace */,
			);
		};
/* End PBXProject section */

/* Begin PBXSourcesBuildPhase section */
		00E074C6F59AD5C01522F4FF /* Sources */ = {
			isa = PBXSourcesBuildPhase;
			buildActionMask = 2147483647;
			files = (
				8652DA94F0AC55BB9E90078D /* AppState.swift in Sources */,
				AD8E2DED8C2A6BF93F36B442 /* AuthStore.swift in Sources */,
				13012DC707E2F29E7A54A7EA /* AvatarView.swift in Sources */,
				E921525FC342BA063131EA13 /* BackendService.swift in Sources */,
				BEC4B14959CFE08AF9BA55D6 /* Channel.swift in Sources */,
				7F91E053A7B329F0A4E41A92 /* ChannelListView.swift in Sources */,
				A51B949B2D89177DA2F7DECA /* ChannelStore.swift in Sources */,
				58B12BC0749A10CBF87AE9D1 /* ChatView.swift in Sources */,
				EF490EBBB3FDC4ECAD500BD3 /* Entry.swift in Sources */,
				08377F1306E7DC732BF91FE7 /* HTTPBackendService.swift in Sources */,
				4281F530578D01B975A8F8AF /* LocalStore.swift in Sources */,
				7926CCC0C2D4B625C0B9B1F9 /* MembersView.swift in Sources */,
				B5E269BF07DDA454A94A4C9E /* Message.swift in Sources */,
				52833D379E5F48C3BE8F098D /* MessageRow.swift in Sources */,
				6EF5603CD0AA5652D4EEF542 /* MockBackendService.swift in Sources */,
				E46840144943D7024DE8E07A /* RootView.swift in Sources */,
				6F5F1B28ED9988D10A778C8D /* SQLite.swift in Sources */,
				A35C5191EFF0A9BFDBA96B5D /* SearchAnswer.swift in Sources */,
				D883D150A66CECFF2DF6DD18 /* SettingsView.swift in Sources */,
				9AE2B32008B8264E721832C4 /* Shimmer.swift in Sources */,
				C96C1A6A2188F199170735FD /* TimelineView.swift in Sources */,
				629092F64C24CBD815B3D0C7 /* TokenStore.swift in Sources */,
				49D9E6B616F81683ED008BC7 /* Trip.swift in Sources */,
				23AF4A505FCAFCB17A1FFE16 /* TripEntriesView.swift in Sources */,
				76815105E54230384859EAF2 /* TripaceApp.swift in Sources */,
				FE424250E3FD5BBCDB7BBF6B /* User.swift in Sources */,
			);
			runOnlyForDeploymentPostprocessing = 0;
		};
/* End PBXSourcesBuildPhase section */

/* Begin XCBuildConfiguration section */
		1A75BC30A476B274E4A41100 /* Debug */ = {
			isa = XCBuildConfiguration;
			buildSettings = {
				ASSETCATALOG_COMPILER_APPICON_NAME = AppIcon;
				CODE_SIGN_ENTITLEMENTS = Tripace/Resources/Tripace.entitlements;
				CODE_SIGN_IDENTITY = "iPhone Developer";
				GENERATE_INFOPLIST_FILE = NO;
				INFOPLIST_FILE = Tripace/Resources/Info.plist;
				LD_RUNPATH_SEARCH_PATHS = (
					"$(inherited)",
					"@executable_path/Frameworks",
				);
				OTHER_LDFLAGS = "-lsqlite3";
				PRODUCT_BUNDLE_IDENTIFIER = com.tripace.app.Tripace;
				SDKROOT = iphoneos;
				TARGETED_DEVICE_FAMILY = "1,2";
			};
			name = Debug;
		};
		4DCD4E502BBB131BE0A06F72 /* Debug */ = {
			isa = XCBuildConfiguration;
			buildSettings = {
				ALWAYS_SEARCH_USER_PATHS = NO;
				CLANG_ANALYZER_NONNULL = YES;
				CLANG_ANALYZER_NUMBER_OBJECT_CONVERSION = YES_AGGRESSIVE;
				CLANG_CXX_LANGUAGE_STANDARD = "gnu++14";
				CLANG_CXX_LIBRARY = "libc++";
				CLANG_ENABLE_MODULES = YES;
				CLANG_ENABLE_OBJC_ARC = YES;
				CLANG_ENABLE_OBJC_WEAK = YES;
				CLANG_WARN_BLOCK_CAPTURE_AUTORELEASING = YES;
				CLANG_WARN_BOOL_CONVERSION = YES;
				CLANG_WARN_COMMA = YES;
				CLANG_WARN_CONSTANT_CONVERSION = YES;
				CLANG_WARN_DEPRECATED_OBJC_IMPLEMENTATIONS = YES;
				CLANG_WARN_DIRECT_OBJC_ISA_USAGE = YES_ERROR;
				CLANG_WARN_DOCUMENTATION_COMMENTS = YES;
				CLANG_WARN_EMPTY_BODY = YES;
				CLANG_WARN_ENUM_CONVERSION = YES;
				CLANG_WARN_INFINITE_RECURSION = YES;
				CLANG_WARN_INT_CONVERSION = YES;
				CLANG_WARN_NON_LITERAL_NULL_CONVERSION = YES;
				CLANG_WARN_OBJC_IMPLICIT_RETAIN_SELF = YES;
				CLANG_WARN_OBJC_LITERAL_CONVERSION = YES;
				CLANG_WARN_OBJC_ROOT_CLASS = YES_ERROR;
				CLANG_WARN_QUOTED_INCLUDE_IN_FRAMEWORK_HEADER = YES;
				CLANG_WARN_RANGE_LOOP_ANALYSIS = YES;
				CLANG_WARN_STRICT_PROTOTYPES = YES;
				CLANG_WARN_SUSPICIOUS_MOVE = YES;
				CLANG_WARN_UNGUARDED_AVAILABILITY = YES_AGGRESSIVE;
				CLANG_WARN_UNREACHABLE_CODE = YES;
				CLANG_WARN__DUPLICATE_METHOD_MATCH = YES;
				CODE_SIGN_STYLE = Automatic;
				COPY_PHASE_STRIP = NO;
				DEBUG_INFORMATION_FORMAT = dwarf;
				DEVELOPMENT_TEAM = 945VG76H3Z;
				ENABLE_STRICT_OBJC_MSGSEND = YES;
				ENABLE_TESTABILITY = YES;
				GCC_C_LANGUAGE_STANDARD = gnu11;
				GCC_DYNAMIC_NO_PIC = NO;
				GCC_NO_COMMON_BLOCKS = YES;
				GCC_OPTIMIZATION_LEVEL = 0;
				GCC_PREPROCESSOR_DEFINITIONS = (
					"$(inherited)",
					"DEBUG=1",
				);
				GCC_WARN_64_TO_32_BIT_CONVERSION = YES;
				GCC_WARN_ABOUT_RETURN_TYPE = YES_ERROR;
				GCC_WARN_UNDECLARED_SELECTOR = YES;
				GCC_WARN_UNINITIALIZED_AUTOS = YES_AGGRESSIVE;
				GCC_WARN_UNUSED_FUNCTION = YES;
				GCC_WARN_UNUSED_VARIABLE = YES;
				IPHONEOS_DEPLOYMENT_TARGET = 17.0;
				MTL_ENABLE_DEBUG_INFO = INCLUDE_SOURCE;
				MTL_FAST_MATH = YES;
				ONLY_ACTIVE_ARCH = YES;
				PRODUCT_NAME = "$(TARGET_NAME)";
				SDKROOT = iphoneos;
				SWIFT_ACTIVE_COMPILATION_CONDITIONS = DEBUG;
				SWIFT_OPTIMIZATION_LEVEL = "-Onone";
				SWIFT_VERSION = 5.10;
				TARGETED_DEVICE_FAMILY = "1,2";
			};
			name = Debug;
		};
		9D82E63FF7C123A3DE435965 /* Release */ = {
			isa = XCBuildConfiguration;
			buildSettings = {
				ALWAYS_SEARCH_USER_PATHS = NO;
				CLANG_ANALYZER_NONNULL = YES;
				CLANG_ANALYZER_NUMBER_OBJECT_CONVERSION = YES_AGGRESSIVE;
				CLANG_CXX_LANGUAGE_STANDARD = "gnu++14";
				CLANG_CXX_LIBRARY = "libc++";
				CLANG_ENABLE_MODULES = YES;
				CLANG_ENABLE_OBJC_ARC = YES;
				CLANG_ENABLE_OBJC_WEAK = YES;
				CLANG_WARN_BLOCK_CAPTURE_AUTORELEASING = YES;
				CLANG_WARN_BOOL_CONVERSION = YES;
				CLANG_WARN_COMMA = YES;
				CLANG_WARN_CONSTANT_CONVERSION = YES;
				CLANG_WARN_DEPRECATED_OBJC_IMPLEMENTATIONS = YES;
				CLANG_WARN_DIRECT_OBJC_ISA_USAGE = YES_ERROR;
				CLANG_WARN_DOCUMENTATION_COMMENTS = YES;
				CLANG_WARN_EMPTY_BODY = YES;
				CLANG_WARN_ENUM_CONVERSION = YES;
				CLANG_WARN_INFINITE_RECURSION = YES;
				CLANG_WARN_INT_CONVERSION = YES;
				CLANG_WARN_NON_LITERAL_NULL_CONVERSION = YES;
				CLANG_WARN_OBJC_IMPLICIT_RETAIN_SELF = YES;
				CLANG_WARN_OBJC_LITERAL_CONVERSION = YES;
				CLANG_WARN_OBJC_ROOT_CLASS = YES_ERROR;
				CLANG_WARN_QUOTED_INCLUDE_IN_FRAMEWORK_HEADER = YES;
				CLANG_WARN_RANGE_LOOP_ANALYSIS = YES;
				CLANG_WARN_STRICT_PROTOTYPES = YES;
				CLANG_WARN_SUSPICIOUS_MOVE = YES;
				CLANG_WARN_UNGUARDED_AVAILABILITY = YES_AGGRESSIVE;
				CLANG_WARN_UNREACHABLE_CODE = YES;
				CLANG_WARN__DUPLICATE_METHOD_MATCH = YES;
				CODE_SIGN_STYLE = Automatic;
				COPY_PHASE_STRIP = NO;
				DEBUG_INFORMATION_FORMAT = "dwarf-with-dsym";
				DEVELOPMENT_TEAM = 945VG76H3Z;
				ENABLE_NS_ASSERTIONS = NO;
				ENABLE_STRICT_OBJC_MSGSEND = YES;
				GCC_C_LANGUAGE_STANDARD = gnu11;
				GCC_NO_COMMON_BLOCKS = YES;
				GCC_WARN_64_TO_32_BIT_CONVERSION = YES;
				GCC_WARN_ABOUT_RETURN_TYPE = YES_ERROR;
				GCC_WARN_UNDECLARED_SELECTOR = YES;
				GCC_WARN_UNINITIALIZED_AUTOS = YES_AGGRESSIVE;
				GCC_WARN_UNUSED_FUNCTION = YES;
				GCC_WARN_UNUSED_VARIABLE = YES;
				IPHONEOS_DEPLOYMENT_TARGET = 17.0;
				MTL_ENABLE_DEBUG_INFO = NO;
				MTL_FAST_MATH = YES;
				PRODUCT_NAME = "$(TARGET_NAME)";
				SDKROOT = iphoneos;
				SWIFT_COMPILATION_MODE = wholemodule;
				SWIFT_OPTIMIZATION_LEVEL = "-O";
				SWIFT_VERSION = 5.10;
				TARGETED_DEVICE_FAMILY = "1,2";
			};
			name = Release;
		};
		EDA281B3E02F920F3DDE3652 /* Release */ = {
			isa = XCBuildConfiguration;
			buildSettings = {
				ASSETCATALOG_COMPILER_APPICON_NAME = AppIcon;
				CODE_SIGN_ENTITLEMENTS = Tripace/Resources/Tripace.entitlements;
				CODE_SIGN_IDENTITY = "iPhone Developer";
				GENERATE_INFOPLIST_FILE = NO;
				INFOPLIST_FILE = Tripace/Resources/Info.plist;
				LD_RUNPATH_SEARCH_PATHS = (
					"$(inherited)",
					"@executable_path/Frameworks",
				);
				OTHER_LDFLAGS = "-lsqlite3";
				PRODUCT_BUNDLE_IDENTIFIER = com.tripace.app.Tripace;
				SDKROOT = iphoneos;
				TARGETED_DEVICE_FAMILY = "1,2";
			};
			name = Release;
		};
/* End XCBuildConfiguration section */

/* Begin XCConfigurationList section */
		A664219F773A064A00B18609 /* Build configuration list for PBXNativeTarget "Tripace" */ = {
			isa = XCConfigurationList;
			buildConfigurations = (
				1A75BC30A476B274E4A41100 /* Debug */,
				EDA281B3E02F920F3DDE3652 /* Release */,
			);
			defaultConfigurationIsVisible = 0;
			defaultConfigurationName = Debug;
		};
		F0197FDCF0C6F05655B46C58 /* Build configuration list for PBXProject "Tripace" */ = {
			isa = XCConfigurationList;
			buildConfigurations = (
				4DCD4E502BBB131BE0A06F72 /* Debug */,
				9D82E63FF7C123A3DE435965 /* Release */,
			);
			defaultConfigurationIsVisible = 0;
			defaultConfigurationName = Debug;
		};
/* End XCConfigurationList section */
	};
	rootObject = 98C1BCEBCED77F42D01C66B9 /* Project object */;
}
